{
    "_meta": {
        "hash": {
            "sha256": "7dcc2382c98e2a7397b5ac7452cfd292e4374ce69e4a1a019473f381b37b438d"
        },
        "pipfile-spec": 6,
        "requires": {
            "python_version": "3.14"
        },
        "sources": [
            {
                "name": "pypi",
                "url": "https://pypi.org/simple",
                "verify_ssl": true
            }
        ]
    },
    "default": {
        "catboost": {
            "markers": "python_version < '3.14'",
            "version": "==>=1.2.5,<2.0.0"
        },
        "numba": {
            "hashes": [
                "sha256:01ef4cd7d83abe087d644eaa3d95831b777aa21d441a23703d649e06b8e06b74",
                "sha256:0b983bd6ad82fe868493012487f34eae8bf7dd94654951404114f23c3466d34b",
                "sha256:0ebaa91538e996f708f1ab30ef4d3ddc344b64b5227b67a57aa74f401bb68b9d",
                "sha256:1527dc578b95c7c4ff248792ec33d097ba6bef9eda466c948b68dfc995c25781",
                "sha256:159e618ef213fba758837f9837fb402bbe65326e60ba0633dbe6c7f274d42c1b",
                "sha256:19407ced081d7e2e4b8d8c36aa57b7452e0283871c296e12d798852bc7d7f198",
                "sha256:3031547a015710140e8c87226b4cfe927cac199835e5bf7d4fe5cb64e814e3ab",
                "sha256:38d6ea4c1f56417076ecf8fc327c831ae793282e0ff51080c5094cb726507b1c",
                "sha256:3fb02b344a2a80efa6f677aa5c40cd5dd452e1b35f8d1c2af0dfd9ada9978e4b",
                "sha256:4142d7ac0210cc86432b818338a2bc368dc773a2f5cf1e32ff7c5b378bd63ee8",
                "sha256:5d761de835cd38fb400d2c26bb103a2726f548dc30368853121d66201672e651",
                "sha256:5df6158e5584eece5fc83294b949fd30b9f1125df7708862205217e068aabf16",
                "sha256:5f4fde652ea604ea3c86508a3fb31556a6157b2c76c8b51b1d45eb40c8598703",
                "sha256:62908d29fb6a3229c242e981ca27e32a6e606cc253fc9e8faeb0e48760de241e",
                "sha256:819a3dfd4630d95fd574036f99e47212a1af41cbcb019bf8afac63ff56834449",
                "sha256:a17b70fc9e380ee29c42717e8cc0bfaa5556c416d94f9aa96ba13acb41bdece8",
                "sha256:c151748cd269ddeab66334bd754817ffc0cabd9433acb0f551697e5151917d25",
                "sha256:cac02c041e9b5bc8cf8f2034ff6f0dbafccd1ae9590dc146b3a02a45e53af4e2",
                "sha256:d7da4098db31182fc5ffe4bc42c6f24cd7d1cb8a14b59fd755bfee32e34b8404",
                "sha256:f75262e8fe7fa96db1dca93d53a194a38c46da28b112b8a4aca168f0df860347",
                "sha256:fe0b28abb8d70f8160798f4de9d486143200f34458d34c4a214114e445d7124e"
            ],
            "markers": "python_version < '3.14'",
            "version": "==>=0.60.0,<1.0.0"
        },
        "numpy": {
            "hashes": [
                "sha256:04494f6ec467ccb5369d1808570ae55f6ed9b5809d7f035059000a37b8d7e86f",
                "sha256:0a43f0974d501842866cc83471bdb0116ba0dffdbaac33ec05e6afed5b615238",
                "sha256:0e50842b2295ba8414c8c1d9d957083d5dfe9e16828b37de883f51fc53c4016f",
                "sha256:0ec84b9ba0654f3b962802edc91424331f423dcf5d5f926676e0150789cb3d95",
                "sha256:17067d097ed036636fa79f6a869ac26df7db1ba22039d962422506640314933a",
                "sha256:1cde1753efe513705a0c6d28f5884e22bdc30438bf0085c5c486cdaff40cd67a",
                "sha256:1e72728e7501a450288fc8e1f9ebc73d90cfd4671ebbd631f3e7857c39bd16f2",
                "sha256:2635dbd200c2d6faf2ef9a0d04f0ecc6b13b3cad54f7c67c61155138835515d2",
                "sha256:2ce46fd0b8a0c947ae047d222f7136fc4d55538741373107574271bc00e20e8f",
                "sha256:34f003cb88b1ba38cb9a9a4a3161c1604973d7f9d5552c38bc2f04f829536609",
                "sha256:354f373279768fa5a584bac997de6a6c9bc535c482592d7a813bb0c09be6c76f",
                "sha256:38ecb5b0582cd125f67a629072fed6f83562d9dd04d7e03256c9829bdec027ad",
                "sha256:3e8e01233d57639b2e30966c63d36fcea099d17c53bf424d77f088b0f4babd86",
                "sha256:3f6bed7f840d44c08ebdb73b1825282b801799e325bcbdfa6bc5c370e5aecc65",
                "sha256:4554eb96f0fd263041baf16cf0881b3f5dafae7a59b1049acb9540c4d57bc8cb",
                "sha256:46e161722e0f619749d1cd892167039015b2c2817296104487cd03ed4a955995",
                "sha256:49d9f7d256fbc804391a7f72d4a617302b1afac1112fac19b6c6cec63fe7fe8a",
                "sha256:4d2f62e55a4cd9c58c1d9a1c9edaedcd857a73cb6fda875bf79093f9d9086f85",
                "sha256:5f64641b42b2429f56ee08b4f427a4d2daf916ec59686061de751a55aafa22e4",
                "sha256:63b92c512d9dbcc37f9d81b123dec99fdb318ba38c8059afc78086fe73820275",
                "sha256:6d7696c615765091cc5093f76fd1fa069870304beaccfd58b5dcc69e55ef49c1",
                "sha256:79e843d186c8fb1b102bef3e2bc35ef81160ffef3194646a7fdd6a73c6b97196",
                "sha256:821eedb7165ead9eebdb569986968b541f9908979c2da8a4967ecac4439bae3d",
                "sha256:84554fc53daa8f6abf8e8a66e076aff6ece62de68523d9f665f32d2fc50fd66e",
                "sha256:8d83bb187fb647643bd56e1ae43f273c7f4dbcdf94550d7938cfc32566756514",
                "sha256:903703372d46bce88b6920a0cd86c3ad82dae2dbef157b5fc01b70ea1cfc430f",
                "sha256:9416a5c2e92ace094e9f0082c5fd473502c91651fb896bc17690d6fc475128d6",
                "sha256:9a1712c015831da583b21c5bfe15e8684137097969c6d22e8316ba66b5baabe4",
                "sha256:9c27f0946a3536403efb0e1c28def1ae6730a72cd0d5878db38824855e3afc44",
                "sha256:a356364941fb0593bb899a1076b92dfa2029f6f5b8ba88a14fd0984aaf76d0df",
                "sha256:a7039a136017eaa92c1848152827e1424701532ca8e8967fe480fe1569dae581",
                "sha256:acd3a644e4807e73b4e1867b769fbf1ce8c5d80e7caaef0d90dcdc640dfc9787",
                "sha256:ad0c86f3455fbd0de6c31a3056eb822fc939f81b1618f10ff3406971893b62a5",
                "sha256:b4c76e3d4c56f145d41b7b6751255feefae92edbc9a61e1758a98204200f30fc",
                "sha256:b6f6a8f45d0313db07d6d1d37bd0b112f887e1369758a5419c0370ba915b3871",
                "sha256:c5a59996dc61835133b56a32ebe4ef3740ea5bc19b3983ac60cc32be5a665d54",
                "sha256:c73aafd1afca80afecb22718f8700b40ac7cab927b8abab3c3e337d70e10e5a2",
                "sha256:cee6cc0584f71adefe2c908856ccc98702baf95ff80092e4ca46061538a2ba98",
                "sha256:cef04d068f5fb0518a77857953193b6bb94809a806bd0a14983a8f12ada060c9",
                "sha256:cf5d1c9e6837f8af9f92b6bd3e86d513cdc11f60fd62185cc49ec7d1aba34864",
                "sha256:e61155fae27570692ad1d327e81c6cf27d535a5d7ef97648a17d922224b216de",
                "sha256:e7f387600d424f91576af20518334df3d97bc76a300a755f9a8d6e4f5cadd289",
                "sha256:ed08d2703b5972ec736451b818c2eb9da80d66c3e84aed1deeb0c345fefe461b",
                "sha256:fbd6acc766814ea6443628f4e6751d0da6593dae29c08c0b2606164db026970c",
                "sha256:feff59f27338135776f6d4e2ec7aeeac5d5f7a08a83e80869121ef8164b74af9"
            ],
            "markers": "python_version < '3.14'",
            "version": "==>=1.26.0,<2.0.0"
        },
        "scikeras": {
            "hashes": [
                "sha256:beeec4536129e316f8ffa56b32cbc097fa9168f3789feb243cadb8d9a36a0084",
                "sha256:bfc720b2755f6c09981da13c9858e999a4bf775c49b0a296847dd1adad4c5d7d"
            ],
            "markers": "python_version < '3.14'",
            "version": "==>=0.13.0,<1.0.0"
        },
        "shap": {
            "hashes": [
                "sha256:0249b10142c1205e7de994c6135178faaaabb6b12528382db1f8e1f2b902d207",
                "sha256:146bafd501d9061fce78e8d927504b0c2a7254a102a17a016c2141adcfeb6170",
                "sha256:166eb4f14e6fb82e6b9b9a178ac18d5a2798f42f13e9b8b0565450977ae58e0a",
                "sha256:181a6cb1937ceab3da16e5bb43bc37c2556fffe58f783b12e0a9571172899cf7",
                "sha256:1c9b534eb06d6b6d5f68257be2cc83be4e324aed89884876600ce86dcb6b1818",
                "sha256:1fb30930986bda79ac3f2a4e4db5942d7874b2d917c717a2fdb9aa505e11dd20",
                "sha256:27d46d1001f74f6a28567992259150ec9d4ea895ff20b02db38c31d7f268a3c7",
                "sha256:2deb44e3fb8bce2c3c98be04617b1209c81f87d6e769f57c9b0cb1cea0761118",
                "sha256:30f1fe9e75a948386d7a444e910bc472f2febf04d0f2175b5c03db9d5e0c2724",
                "sha256:404445e957d45ab9d35cbfaeea7184c95845e8a3caf92116ee702a218a34a124",
                "sha256:49966fa3f41113c76045b2c5a3415020a1dc643559526cb993fdaaf3b6b37352",
                "sha256:58d5aa9e802145ef21c596932ec28605d7ac4f879ac614c6106f4c7e31e60096",
                "sha256:5aa229dd3bccd779ae12cee35d68db3366ae2af693b174b446f877898d4cc9ce",
                "sha256:62cc66704db8c3439256089d2f3b29a42597d3c24bab1e245ed3800f7c4c4b2a",
                "sha256:6a5ccc465c0f9e005dde341823b1cdad9dfcff6786f7d04e29606af6f2d51290",
                "sha256:6b23684d3cd86cecbfc52a47cad780b83d45f8c028368d1d4c9373a8aca822f8",
                "sha256:70a0e9c3b13a2b900ab4777a56d1e6cacddfd95f67cf382cdde24d376fbe13f4",
                "sha256:807fc35ec82daba11da92d99607fbfc6471c211ec36b6329ae4611f355549bc8",
                "sha256:8135bd24594f5fdf16f8fe5cbc2a81544c5c5c76f6b8a152eded16c361857da6",
                "sha256:84b3c2791c68d1d3186cedb15bde98b8efda643034dd0ecf5fa1b0f4e1265cb5",
                "sha256:8d05f0c0c8d4f7752ae29098e72589437b3576df3434b16c418e6e0cfa2571cd",
                "sha256:96b1efc72393533a64dd3a3d524b4b13ab4a2752cd63e8c74167f59aa081e230",
                "sha256:96f8e01228d780ad2efbc67d3ae6d3ba2a4afe02e9e1519c891f67d641f0e17d",
                "sha256:a757c94cda0587edb727cbf08a4af819921ad42646b55833713c531ead75742d",
                "sha256:b35200f21f3f67c96cf19a819a60470d052281c8f3df7da13fed40fdf64ea469",
                "sha256:bdc559acf7f647bc3bb22c6a1fea9f50716ed357ad595bc357b43082ae4dc6b9",
                "sha256:cf267e854b0ce4b39c861f39d257f9dfb86704167eeb4db006c01f115dc37489",
                "sha256:d82522fd5b050a261323021b4c17a1027296ec2dc3bf8550863fde3ddd0f9d68",
                "sha256:d8419ff6515a1294bbf370d7f40853abe806046e0d102e405974bcf0821239d0",
                "sha256:e68f6129ddb59313da00d72843511352dc7e79512faec961644079504bbeb707",
                "sha256:e9908af8d22d2be05f303ca8fed70fd845bbbe33190abac24b6cb1a89e294e20",
                "sha256:f5d0e2df7142393791c10a201947ca06972eb3c599c48a33697ef6c405413267"
            ],
            "markers": "python_version < '3.14'",
            "version": "==>=0.50.0,<1.0.0"
        },
        "streamlit": {
            "markers": "python_version < '3.14'",
            "version": "==>=1.40.0,<2.0.0"
        },
        "tensorflow": {
            "hashes": [
                "sha256:01108746e1bbfcd48dfabf7f51ddca7693b91ea6821f6f62a27b5a5ebf0817c5",
                "sha256:124930e7d4f5d74c61a5c80d642a26c22fe0c42fdd383fe9ee5803c3ac9ed4ce",
                "sha256:1e0716622ed7af867d8b1997b00a2940f1a1587dee923ff53efa2ee506992f32",
                "sha256:2cfcdde1ff3c01be617e99ce9783c49cb11da5796ce32a31855412bd092c0bcf",
                "sha256:2d88f8b71f4a8d9ab9dc7c8e42b14ca0f53d1daab0f989b8f2918907c2891f41",
                "sha256:3fa865956d96b7614f247c36e4c22b1543ba5ce656fbe8e4f6266ae7a4917132",
                "sha256:852efeb4d18beedac0120c4f2d4f4dccf4c090bb6740c5199d395ff609e85e98",
                "sha256:896bda03f722700a9918d144aee5152a75f1be5e6c5045fd0683b8318a3fc9d9",
                "sha256:9b248e0f4316b3a3c54cd1f83edfb7a761d473060c1972a8ea31a90d5de3aa72",
                "sha256:dee8ec2b2c6c942ae65d25746e53cdc475e82d5fcbbb3009ce47f5963d69ebfc",
                "sha256:e05a48006930e4e9e68468e7affed3bbce8a1c7fe6df86500496ad1558804a78",
                "sha256:e7697b005ce48fec8b2ee8cf25bcbd138f16b5e17f99f7c01a6ea3f2429f86c6",
                "sha256:e98aab454fc73ff1900314821e5bafbf20840ada2004c8caccf4d92e0e12a628",
                "sha256:eaf420d8b8ec1d4bd75859be7d7545d8e7052726eed8456fdbba63718e7e07ea",
                "sha256:ed601b43df9b7d9bed0203b34bcb9356efd4f671eaaac1046b7166a2afee0cf8"
            ],
            "markers": "python_version < '3.14'",
            "version": "==>=2.15.0,<3.0.0"
        }
    },
    "develop": {
        "black": {
            "hashes": [
                "sha256:05dd459a19e218078a1f98178c13f861fe6a9a5f88fc969ca4d9b49eb1809783",
                "sha256:09524b0e6af8ba7a3ffabdfc7a9922fb9adef60fed008c7cd2fc01f3048e6e6f",
                "sha256:0a0953b134f9335c2434864a643c842c44fba562155c738a2a37a4d61f00cad5",
                "sha256:0e509c858adf63aa61d908061b52e580c40eae0dfa72415fa47ac01b12e29baf",
                "sha256:169506ba91ef21e2e0591563deda7f00030cb466e747c4b09cb0a9dae5db2f43",
                "sha256:17dcc893da8d73d8f74a596f64b7c98ef5239c2cd2b053c0f25912c4494bf9ea",
                "sha256:1a2f578ae20c19c50a382286ba78bfbeafdf788579b053d8e4980afb079ab9be",
                "sha256:2355bbb6c3b76062870942d8cc450d4f8ac71f9c93c40122762c8784df49543f",
                "sha256:252678f07f5bac4ff0d0e9b261fbb029fa530cfa206d0a636a34ab445ef8ca9d",
                "sha256:274f940c147ddab4442d316b27f9e332ca586d39c85ecf59ebdea82cc9ee8892",
                "sha256:31f96b7c98c1ddaeb07dc0f56c652e25bdedaac76d5b68a059d998b57c55594a",
                "sha256:48ceb36c16dbc84062740049eef990bb2ce07598272e673c17d1a7720c71c828",
                "sha256:51e267458f7e650afed8445dc7edb3187143003d52a1b710c7321aef22aa9655",
                "sha256:546eecfe9a3a6b46f9d69d8a642585a6eaf348bcbbc4d87a19635570e02d9f4a",
                "sha256:778285d9ea197f34704e3791ea9404cd6d07595745907dd2ce3da7a13627b29b",
                "sha256:8d3dd9cea14bff7ddc0eb243c811cdb1a011ebb4800a5f0335a01a68654796a7",
                "sha256:9678bd991cc793e81d19aeeae57966ee02909877cb65838ccffef24c3ebac08f",
                "sha256:97596189949a8aad13ad12fcbb4ae89330039b96ad6742e6f6b45e75ad5cfd83",
                "sha256:9ec77439ef3e34896995503865a85732c94396edcc739f302c5673a2315e1e7f",
                "sha256:a05ddeb656534c3e27a05a29196c962877c83fa5503db89e68857d1161ad08a5",
                "sha256:a3fa71e3b8dd9f7c6ac4d818345237dfb4175ed3bf37cd5a581dbc4c034f1ec5",
                "sha256:b162653ed89eb942758efeb29d5e333ca5bb90e5130216f8369857db5955a7da",
                "sha256:bc5b1c09fe3c931ddd20ee548511c64ebf964ada7e6f0763d443947fd1c603ce",
                "sha256:c1f68c5eff61f226934be6b5b80296cf6939e5d2f0c2f7d543ea08b204bfaf59",
                "sha256:d0cfa263e85caea2cff57d8f917f9f51adae8e20b610e2b23de35b5b11ce691a",
                "sha256:d3e1b65634b0e471d07ff86ec338819e2ef860689859ef4501ab7ac290431f9b",
                "sha256:f85ba1ad15d446756b4ab5f3044731bf68b777f8f9ac9cdabd2425b97cd9c4e8"
            ],
            "index": "pypi",
            "markers": "python_version >= '3.10'",
            "version": "==25.12.0"
        },
        "build": {
            "hashes": [
                "sha256:6a07c1b8eb6f2b311b96fcbdbce5dab5fe637ffda0fd83c9cac622e927501596",
                "sha256:f1b91b925aa322be454f8330c6fb48b465da993d1e7e7e6fa35027ec49f3c936"
            ],
            "markers": "python_version >= '3.9'",
            "version": "==1.4.0"
        },
        "click": {
            "hashes": [
                "sha256:12ff4785d337a1bb490bb7e9c2b1ee5da3112e94a8622f26a6c77f5d2fc6842a",
                "sha256:981153a64e25f12d547d3426c367a4857371575ee7ad18df2a6183ab0545b2a6"
            ],
            "markers": "python_version >= '3.10'",
            "version": "==8.3.1"
        },
        "colorama": {
            "hashes": [
                "sha256:08695f5cb7ed6e0531a20572697297273c47b8cae5a63ffc6d6ed5c201be6e44",
                "sha256:4f1d9991f5acc0ca119f9d443620b77f9d6b33703e51011c16baf57afb285fc6"
            ],
            "markers": "python_version >= '2.7' and python_version not in '3.0, 3.1, 3.2, 3.3, 3.4, 3.5, 3.6'",
            "version": "==0.4.6"
        },
        "coverage": {
            "extras": [
                "toml"
            ],
            "hashes": [
                "sha256:044c6951ec37146b72a50cc81ef02217d27d4c3640efd2640311393cbbf143d3",
                "sha256:060ebf6f2c51aff5ba38e1f43a2095e087389b1c69d559fde6049a4b0001320e",
                "sha256:060ee84f6a769d40c492711911a76811b4befb6fba50abb450371abb720f5bd6",
                "sha256:10758e0586c134a0bafa28f2d37dd2cdb5e4a90de25c0fc0c77dabbad46eca28",
                "sha256:13fe81ead04e34e105bf1b3c9f9cdf32ce31736ee5d90a8d2de02b9d3e1bcb82",
                "sha256:14ae4146465f8e6e6253eba0cccd57423e598a4cb925958b240c805300918343",
                "sha256:14f500232e521201cf031549fb1ebdfc0a40f401cf519157f76c397e586c3beb",
                "sha256:1574983178b35b9af4db4a9f7328a18a14a0a0ce76ffaa1c1bacb4cc82089a7c",
                "sha256:196bfeabdccc5a020a57d5a368c681e3a6ceb0447d153aeccc1ab4d70a5032ba",
                "sha256:21dd57941804ae2ac7e921771a5e21bbf9aabec317a041d164853ad0a96ce31e",
                "sha256:264657171406c114787b441484de620e03d8f7202f113d62fcd3d9688baa3e6f",
                "sha256:27ba1ed6f66b0e2d61bfa78874dffd4f8c3a12f8e2b5410e515ab345ba7bc9c3",
                "sha256:292250282cf9bcf206b543d7608bda17ca6fc151f4cbae949fc7e115112fbd41",
                "sha256:2a47a4223d3361b91176aedd9d4e05844ca67d7188456227b6bf5e436630c9a1",
                "sha256:2a5b567f0b635b592c917f96b9a9cb3dbd4c320d03f4bf94e9084e494f2e8894",
                "sha256:2ee0e58cca0c17dd9c6c1cdde02bb705c7b3fbfa5f3b0b5afeda20d4ebff8ef4",
                "sha256:36393bd2841fa0b59498f75466ee9bdec4f770d3254f031f23e8fd8e140ffdd2",
                "sha256:387a825f43d680e7310e6f325b2167dd093bc8ffd933b83e9aa0983cf6e0a2ef",
                "sha256:3973f353b2d70bd9796cc12f532a05945232ccae966456c8ed7034cb96bbfd6f",
                "sha256:3bca209d001fd03ea2d978f8a4985093240a355c93078aee3f799852c23f561a",
                "sha256:406821f37f864f968e29ac14c3fccae0fec9fdeba48327f0341decf4daf92d7c",
                "sha256:40ce1ea1e25125556d8e76bd0b61500839a07944cc287ac21d5626f3e620cad5",
                "sha256:49d49e9a5e9f4dc3d3dac95278a020afa6d6bdd41f63608a76fa05a719d5b66f",
                "sha256:4a3158dc2dcce5200d91ec28cd315c999eebff355437d2765840555d765a6e5f",
                "sha256:4f7b71757a3ab19f7ba286e04c181004c1d61be921795ee8ba6970fd0ec91da5",
                "sha256:59562de3f797979e1ff07c587e2ac36ba60ca59d16c211eceaa579c266c5022f",
                "sha256:5b20211c47a8abf4abc3319d8ce2464864fa9f30c5fcaf958a3eed92f4f1fef8",
                "sha256:5bd447332ec4f45838c1ad42268ce21ca87c40deb86eabd59888859b66be22a5",
                "sha256:6326e18e9a553e674d948536a04a80d850a5eeefe2aae2e6d7cf05d54046c01b",
                "sha256:6873f0271b4a15a33e7590f338d823f6f66f91ed147a03938d7ce26efd04eee6",
                "sha256:68c86173562ed4413345410c9480a8d64864ac5e54a5cda236748031e094229f",
                "sha256:69269ab58783e090bfbf5b916ab3d188126e22d6070bbfc93098fdd474ef937c",
                "sha256:69e526e14f3f854eda573d3cf40cffd29a1a91c684743d904c33dbdcd0e0f3e7",
                "sha256:6ae99e4560963ad8e163e819e5d77d413d331fd00566c1e0856aa252303552c1",
                "sha256:6b8092aa38d72f091db61ef83cb66076f18f02da3e1a75039a4f218629600e04",
                "sha256:6e5bbb5018bf76a56aabdb64246b5288d5ae1b7d0dd4d0534fe86df2c2992d1c",
                "sha256:76e06ccacd1fb6ada5d076ed98a8c6f66e2e6acd3df02819e2ee29fd637b76ad",
                "sha256:78f45d21dc4d5d6bd29323f0320089ef7eae16e4bef712dff79d184fa7330af3",
                "sha256:79f6506a678a59d4ded048dc72f1859ebede8ec2b9a2d509ebe161f01c2879d3",
                "sha256:7be4d613638d678b2b3773b8f687537b284d7074695a43fe2fbbfc0e31ceaed1",
                "sha256:7c79ad5c28a16a1277e1187cf83ea8dafdcc689a784228a7d390f19776db7c31",
                "sha256:7de326f80e3451bd5cc7239ab46c73ddb658fe0b7649476bc7413572d36cd548",
                "sha256:7f9405ab4f81d490811b1d91c7a20361135a2df4c170e7f0b747a794da5b7f23",
                "sha256:838943bea48be0e2768b0cf7819544cdedc1bbb2f28427eabb6eb8c9eb2285d3",
                "sha256:88a800258d83acb803c38175b4495d293656d5fac48659c953c18e5f539a274b",
                "sha256:89567798404af067604246e01a49ef907d112edf2b75ef814b1364d5ce267031",
                "sha256:8a0b33e9fd838220b007ce8f299114d406c1e8edb21336af4c97a26ecfd185aa",
                "sha256:8be48da4d47cc68754ce643ea50b3234557cbefe47c2f120495e7bd0a2756f2b",
                "sha256:9074896edd705a05769e3de0eac0a8388484b503b68863dd06d5e473f874fd47",
                "sha256:93b57142f9621b0d12349c43fc7741fe578e4bc914c1e5a54142856cfc0bf421",
                "sha256:93d1d25ec2b27e90bcfef7012992d1f5121b51161b8bffcda756a816cf13c2c3",
                "sha256:9779310cb5a9778a60c899f075a8514c89fa6d10131445c2207fc893e0b14557",
                "sha256:97e596de8fa9bada4d88fde64a3f4d37f1b6131e4faa32bad7808abc79887ddc",
                "sha256:9b2f4714bb7d99ba3790ee095b3b4ac94767e1347fe424278a0b10acb3ff04fe",
                "sha256:9c9bdea644e94fd66d75a6f7e9a97bb822371e1fe7eadae2cacd50fcbc28e4dc",
                "sha256:9cc7573518b7e2186bd229b1a0fe24a807273798832c27032c4510f47ffdb896",
                "sha256:9f93959ee0c604bccd8e0697be21de0887b1f73efcc3aa73a3ec0fd13feace92",
                "sha256:a360a8baeb038928ceb996f5623a4cd508728f8f13e08d4e96ce161702f3dd99",
                "sha256:a43d34ce714f4ca674c0d90beb760eb05aad906f2c47580ccee9da8fe8bfb417",
                "sha256:a55516c68ef3e08e134e818d5e308ffa6b1337cc8b092b69b24287bf07d38e31",
                "sha256:a7fc042ba3c7ce25b8a9f097eb0f32a5ce1ccdb639d9eec114e26def98e1f8a4",
                "sha256:abaea04f1e7e34841d4a7b343904a3f59481f62f9df39e2cd399d69a187a9660",
                "sha256:ae47d8dcd3ded0155afbb59c62bd8ab07ea0fd4902e1c40567439e6db9dcaf2f",
                "sha256:b01899e82a04085b6561eb233fd688474f57455e8ad35cd82286463ba06332b7",
                "sha256:b3becbea7f3ce9a2d4d430f223ec15888e4deb31395840a79e916368d6004cce",
                "sha256:b780090d15fd58f07cf2011943e25a5f0c1c894384b13a216b6c86c8a8a7c508",
                "sha256:b7fc50d2afd2e6b4f6f2f403b70103d280a8e0cb35320cbbe6debcda02a1030b",
                "sha256:bff1b04cb9d4900ce5c56c4942f047dc7efe57e2608cb7c3c8936e9970ccdbee",
                "sha256:c1ea8ca9db5e7469cd364552985e15911548ea5b69c48a17291f0cac70484b2e",
                "sha256:c6cadac7b8ace1ba9144feb1ae3cb787a6065ba6d23ffc59a934b16406c26573",
                "sha256:c6f141b468740197d6bd38f2b26ade124363228cc3f9858bd9924ab059e00059",
                "sha256:ca9566769b69a5e216a4e176d54b9df88f29d750c5b78dbb899e379b4e14b30c",
                "sha256:d0ba505e021557f7f8173ee8cd6b926373d8653e5ff7581ae2efce1b11ef4c27",
                "sha256:d6d16b0f71120e365741bca2cb473ca6fe38930bc5431c5e850ba949f708f892",
                "sha256:d7f63ce526a96acd0e16c4af8b50b64334239550402fb1607ce6a584a6d62ce9",
                "sha256:e080afb413be106c95c4ee96b4fffdc9e2fa56a8bbf90b5c0918e5c4449412f5",
                "sha256:e4121a90823a063d717a96e0a0529c727fb31ea889369a0ee3ec00ed99bf6859",
                "sha256:e64fa5a1e41ce5df6b547cbc3d3699381c9e2c2c369c67837e716ed0f549d48e",
                "sha256:e79a8c7d461820257d9aa43716c4efc55366d7b292e46b5b37165be1d377405d",
                "sha256:ed2bce0e7bfa53f7b0b01c722da289ef6ad4c18ebd52b1f93704c21f116360c8",
                "sha256:ed75de7d1217cf3b99365d110975f83af0528c849ef5180a12fd91b5064df9d6",
                "sha256:ee68e5a4e3e5443623406b905db447dceddffee0dceb39f4e0cd9ec2a35004b5",
                "sha256:eeea10169fac01549a7921d27a3e517194ae254b542102267bef7a93ed38c40e",
                "sha256:f06799ae1bdfff7ccb8665d75f8291c69110ba9585253de254688aa8a1ccc6c5",
                "sha256:f0d7fea9d8e5d778cd5a9e8fc38308ad688f02040e883cdc13311ef2748cb40f",
                "sha256:f106b2af193f965d0d3234f3f83fc35278c7fb935dfbde56ae2da3dd2c03b84d",
                "sha256:f4af3b01763909f477ea17c962e2cca8f39b350a4e46e3a30838b2c12e31b81b",
                "sha256:f61d349f5b7cd95c34017f1927ee379bfbe9884300d74e07cf630ccf7a610c1b",
                "sha256:f674f59712d67e841525b99e5e2b595250e39b529c3bda14764e4f625a3fa01f",
                "sha256:f819c727a6e6eeb8711e4ce63d78c620f69630a2e9d53bc95ca5379f57b6ba94",
                "sha256:f9ab1d5b86f8fbc97a5b3cd6280a3fd85fef3b028689d8a2c00918f0d82c728c",
                "sha256:fae91dfecd816444c74531a9c3d6ded17a504767e97aa674d44f638107265b99"
            ],
            "markers": "python_version >= '3.10'",
            "version": "==7.13.2"
        },
        "flake8": {
            "hashes": [
                "sha256:b9696257b9ce8beb888cdbe31cf885c90d31928fe202be0889a7cdafad32f01e",
                "sha256:fe044858146b9fc69b551a4b490d69cf960fcb78ad1edcb84e7fbb1b4a8e3872"
            ],
            "index": "pypi",
            "markers": "python_version >= '3.9'",
            "version": "==7.3.0"
        },
        "iniconfig": {
            "hashes": [
                "sha256:c76315c77db068650d49c5b56314774a7804df16fee4402c1f19d6d15d8c4730",
                "sha256:f631c04d2c48c52b84d0d0549c99ff3859c98df65b3101406327ecc7d53fbf12"
            ],
            "markers": "python_version >= '3.10'",
            "version": "==2.3.0"
        },
        "isort": {
            "hashes": [
                "sha256:48fdfcb9face5d58a4f6dde2e72a1fb8dcaf8ab26f95ab49fab84c2ddefb0109",
                "sha256:8ca5e72a8d85860d5a3fa69b8745237f2939afe12dbf656afbcb47fe72d947a6"
            ],
            "index": "pypi",
            "markers": "python_full_version >= '3.8.0'",
            "version": "==5.13.2"
        },
        "librt": {
            "hashes": [
                "sha256:00105e7d541a8f2ee5be52caacea98a005e0478cfe78c8080fbb7b5d2b340c63",
                "sha256:0241a6ed65e6666236ea78203a73d800dbed896cf12ae25d026d75dc1fcd1dac",
                "sha256:03679b9856932b8c8f674e87aa3c55ea11c9274301f76ae8dc4d281bda55cf62",
                "sha256:047164e5f68b7a8ebdf9fae91a3c2161d3192418aadd61ddd3a86a56cbe3dc85",
                "sha256:171ca3a0a06c643bd0a2f62a8944e1902c94aa8e5da4db1ea9a8daf872685365",
                "sha256:1a4ede613941d9c3470b0368be851df6bb78ab218635512d0370b27a277a0862",
                "sha256:20e3946863d872f7cabf7f77c6c9d370b8b3d74333d3a32471c50d3a86c0a232",
                "sha256:2991b6c3775383752b3ca0204842743256f3ad3deeb1d0adc227d56b78a9a850",
                "sha256:31724b93baa91512bd0a376e7cf0b59d8b631ee17923b1218a65456fa9bda2e7",
                "sha256:3469e1af9f1380e093ae06bedcbdd11e407ac0b303a56bbe9afb1d6824d4982d",
                "sha256:389bd25a0db916e1d6bcb014f11aa9676cedaa485e9ec3752dfe19f196fd377b",
                "sha256:3968762fec1b2ad34ce57458b6de25dbb4142713e9ca6279a0d352fa4e9f452b",
                "sha256:39a4c76fee41007070f872b648cc2f711f9abf9a13d0c7162478043377b52c8e",
                "sha256:3d1322800771bee4a91f3b4bd4e49abc7d35e65166821086e5afd1e6c0d9be44",
                "sha256:41d7bb1e07916aeb12ae4a44e3025db3691c4149ab788d0315781b4d29b86afb",
                "sha256:43d4e71b50763fcdcf64725ac680d8cfa1706c928b844794a7aa0fa9ac8e5f09",
                "sha256:445b7304145e24c60288a2f172b5ce2ca35c0f81605f5299f3fa567e189d2e32",
                "sha256:44e0c2cbc9bebd074cf2cdbe472ca185e824be4e74b1c63a8e934cea674bebf2",
                "sha256:451e7ffcef8f785831fdb791bd69211f47e95dc4c6ddff68e589058806f044c6",
                "sha256:46ef1f4b9b6cc364b11eea0ecc0897314447a66029ee1e55859acb3dd8757c93",
                "sha256:4864045f49dc9c974dadb942ac56a74cd0479a2aafa51ce272c490a82322ea3c",
                "sha256:4adc73614f0d3c97874f02f2c7fd2a27854e7e24ad532ea6b965459c5b757eca",
                "sha256:4c3995abbbb60b3c129490fa985dfe6cac11d88fc3c36eeb4fb1449efbbb04fc",
                "sha256:4d2f1e492cae964b3463a03dc77a7fe8742f7855d7258c7643f0ee32b6651dd3",
                "sha256:535929b6eff670c593c34ff435d5440c3096f20fa72d63444608a5aef64dd581",
                "sha256:5363427bc6a8c3b1719f8f3845ea53553d301382928a86e8fab7984426949bce",
                "sha256:54feb7b4f2f6706bb82325e836a01be805770443e2400f706e824e91f6441dde",
                "sha256:57175aa93f804d2c08d2edb7213e09276bd49097611aefc37e3fa38d1fb99ad0",
                "sha256:5bcaaf624fd24e6a0cb14beac37677f90793a96864c67c064a91458611446e83",
                "sha256:60c299e555f87e4c01b2eca085dfccda1dde87f5a604bb45c2906b8305819a93",
                "sha256:631599598e2c76ded400c0a8722dec09217c89ff64dc54b060f598ed68e7d2a8",
                "sha256:63937bd0f4d1cb56653dc7ae900d6c52c41f0015e25aaf9902481ee79943b33a",
                "sha256:66daa6ac5de4288a5bbfbe55b4caa7bf0cd26b3269c7a476ffe8ce45f837f87d",
                "sha256:6938cc2de153bc927ed8d71c7d2f2ae01b4e96359126c602721340eb7ce1a92d",
                "sha256:6d772edc6a5f7835635c7562f6688e031f0b97e31d538412a852c49c9a6c92d5",
                "sha256:6db5faf064b5bab9675c32a873436b31e01d66ca6984c6f7f92621656033a708",
                "sha256:73fd300f501a052f2ba52ede721232212f3b06503fa12665408ecfc9d8fd149c",
                "sha256:79feb4d00b2a4e0e05c9c56df707934f41fcb5fe53fd9efb7549068d0495b758",
                "sha256:7aa7d5457b6c542ecaed79cec4ad98534373c9757383973e638ccced0f11f46d",
                "sha256:7b0803e9008c62a7ef79058233db7ff6f37a9933b8f2573c05b07ddafa226611",
                "sha256:7e03bea66af33c95ce3addf87a9bf1fcad8d33e757bc479957ddbc0e4f7207ac",
                "sha256:864c4b7083eeee250ed55135d2127b260d7eb4b5e953a9e5df09c852e327961b",
                "sha256:8766ece9de08527deabcd7cb1b4f1a967a385d26e33e536d6d8913db6ef74f06",
                "sha256:87808a8d1e0bd62a01cafc41f0fd6818b5a5d0ca0d8a55326a81643cdda8f873",
                "sha256:907ad09cfab21e3c86e8f1f87858f7049d1097f77196959c033612f532b4e592",
                "sha256:95b67aa7eff150f075fda09d11f6bfb26edffd300f6ab1666759547581e8f666",
                "sha256:978e8b5f13e52cf23a9e80f3286d7546baa70bc4ef35b51d97a709d0b28e537c",
                "sha256:9b6943885b2d49c48d0cff23b16be830ba46b0152d98f62de49e735c6e655a63",
                "sha256:9c1ba843ae20db09b9d5c80475376168feb2640ce91cd9906414f23cc267a1ff",
                "sha256:a14229ac62adcf1b90a15992f1ab9c69ae8b99ffb23cb64a90878a6e8a2f5b81",
                "sha256:a36515b1328dc5b3ffce79fe204985ca8572525452eacabee2166f44bb387b2c",
                "sha256:ac9c8a458245c7de80bc1b9765b177055efff5803f08e548dd4bb9ab9a8d789b",
                "sha256:ad64a14b1e56e702e19b24aae108f18ad1bf7777f3af5fcd39f87d0c5a814449",
                "sha256:b09c52ed43a461994716082ee7d87618096851319bf695d57ec123f2ab708951",
                "sha256:b45306a1fc5f53c9330fbee134d8b3227fe5da2ab09813b892790400aa49352d",
                "sha256:b5b007bb22ea4b255d3ee39dfd06d12534de2fcc3438567d9f48cdaf67ae1ae3",
                "sha256:b7e7f140c5169798f90b80d6e607ed2ba5059784968a004107c88ad61fb3641d",
                "sha256:b9122094e3f24aa759c38f46bd8863433820654927370250f460ae75488b66ea",
                "sha256:bb7a7807523a31f03061288cc4ffc065d684c39db7644c676b47d89553c0d714",
                "sha256:be927c3c94c74b05128089a955fba86501c3b544d1d300282cc1b4bd370cb418",
                "sha256:bfde8a130bd0f239e45503ab39fab239ace094d63ee1d6b67c25a63d741c0f71",
                "sha256:c6f8947d3dfd7f91066c5b4385812c18be26c9d5a99ca56667547f2c39149d94",
                "sha256:c7e8f88f79308d86d8f39c491773cbb533d6cb7fa6476f35d711076ee04fceb6",
                "sha256:ca916919793a77e4a98d4a1701e345d337ce53be4a16620f063191f7322ac80f",
                "sha256:cf243da9e42d914036fd362ac3fa77d80a41cadcd11ad789b1b5eec4daaf67ca",
                "sha256:d6f254d096d84156a46a84861183c183d30734e52383602443292644d895047c",
                "sha256:dbd79caaf77a3f590cbe32dc2447f718772d6eea59656a7dcb9311161b10fa75",
                "sha256:ddb52499d0b3ed4aa88746aaf6f36a08314677d5c346234c3987ddc506404eac",
                "sha256:e90a8e237753c83b8e484d478d9a996dc5e39fd5bd4c6ce32563bc8123f132be",
                "sha256:e9c0afebbe6ce177ae8edba0c7c4d626f2a0fc12c33bb993d163817c41a7a05c",
                "sha256:f11b300027ce19a34f6d24ebb0a25fd0e24a9d53353225a5c1e6cadbf2916b2e",
                "sha256:f1ade7f31675db00b514b98f9ab9a7698c7282dad4be7492589109471852d398",
                "sha256:f8f4a901a3fa28969d6e4519deceab56c55a09d691ea7b12ca830e2fa3461e34",
                "sha256:fdec6e2368ae4f796fc72fad7fd4bd1753715187e6d870932b0904609e7c878e",
                "sha256:ff3e9c11aa260c31493d4b3197d1e28dd07768594a4f92bec4506849d736248f",
                "sha256:ff71447cb778a4f772ddc4ce360e6ba9c95527ed84a52096bd1bbf9fee2ec7c0"
            ],
            "markers": "python_version >= '3.9'",
            "version": "==0.7.8"
        },
        "mccabe": {
            "hashes": [
                "sha256:348e0240c33b60bbdf4e523192ef919f28cb2c3d7d5c7794f74009290f236325",
                "sha256:6c2d30ab6be0e4a46919781807b4f0d834ebdd6c6e3dca0bda5a15f863427b6e"
            ],
            "markers": "python_version >= '3.6'",
            "version": "==0.7.0"
        },
        "mypy": {
            "hashes": [
                "sha256:016f2246209095e8eda7538944daa1d60e1e8134d98983b9fc1e92c1fc0cb8dd",
                "sha256:022ea7279374af1a5d78dfcab853fe6a536eebfda4b59deab53cd21f6cd9f00b",
                "sha256:06e6170bd5836770e8104c8fdd58e5e725cfeb309f0a6c681a811f557e97eac1",
                "sha256:19d88bb05303fe63f71dd2c6270daca27cb9401c4ca8255fe50d1d920e0eb9ba",
                "sha256:21761006a7f497cb0d4de3d8ef4ca70532256688b0523eee02baf9eec895e27b",
                "sha256:28902ee51f12e0f19e1e16fbe2f8f06b6637f482c459dd393efddd0ec7f82045",
                "sha256:2899753e2f61e571b3971747e302d5f420c3fd09650e1951e99f823bc3089dac",
                "sha256:2abb24cf3f17864770d18d673c85235ba52456b36a06b6afc1e07c1fdcd3d0e6",
                "sha256:34c81968774648ab5ac09c29a375fdede03ba253f8f8287847bd480782f73a6a",
                "sha256:409088884802d511ee52ca067707b90c883426bd95514e8cfda8281dc2effe24",
                "sha256:481daf36a4c443332e2ae9c137dfee878fcea781a2e3f895d54bd3002a900957",
                "sha256:4b84a7a18f41e167f7995200a1d07a4a6810e89d29859df936f1c3923d263042",
                "sha256:4f28f99c824ecebcdaa2e55d82953e38ff60ee5ec938476796636b86afa3956e",
                "sha256:5f05aa3d375b385734388e844bc01733bd33c644ab48e9684faa54e5389775ec",
                "sha256:7bcfc336a03a1aaa26dfce9fff3e287a3ba99872a157561cbfcebe67c13308e3",
                "sha256:804bd67b8054a85447c8954215a906d6eff9cabeabe493fb6334b24f4bfff718",
                "sha256:8bb5c6f6d043655e055be9b542aa5f3bdd30e4f3589163e85f93f3640060509f",
                "sha256:a009ffa5a621762d0c926a078c2d639104becab69e79538a494bcccb62cc0331",
                "sha256:a8174a03289288c1f6c46d55cef02379b478bfbc8e358e02047487cad44c6ca1",
                "sha256:ab43590f9cd5108f41aacf9fca31841142c786827a74ab7cc8a2eacb634e09a1",
                "sha256:b10e7c2cd7870ba4ad9b2d8a6102eb5ffc1f16ca35e3de6bfa390c1113029d13",
                "sha256:b13cfdd6c87fc3efb69ea4ec18ef79c74c3f98b4e5498ca9b85ab3b2c2329a67",
                "sha256:b64d987153888790bcdb03a6473d321820597ab8dd9243b27a92153c4fa50fd2",
                "sha256:b7951a701c07ea584c4fe327834b92a30825514c868b1f69c30445093fdd9d5a",
                "sha256:bdb12f69bcc02700c2b47e070238f42cb87f18c0bc1fc4cdb4fb2bc5fd7a3b8b",
                "sha256:c35d298c2c4bba75feb2195655dfea8124d855dfd7343bf8b8c055421eaf0cf8",
                "sha256:c608937067d2fc5a4dd1a5ce92fd9e1398691b8c5d012d66e1ddd430e9244376",
                "sha256:c9a6538e0415310aad77cb94004ca6482330fece18036b5f360b62c45814c4ef",
                "sha256:d8dfc6ab58ca7dda47d9237349157500468e404b17213d44fc1cb77bce532288",
                "sha256:da4869fc5e7f62a88f3fe0b5c919d1d9f7ea3cef92d3689de2823fd27e40aa75",
                "sha256:de759aafbae8763283b2ee5869c7255391fbc4de3ff171f8f030b5ec48381b74",
                "sha256:e3157c7594ff2ef1634ee058aafc56a82db665c9438fd41b390f3bde1ab12250",
                "sha256:e3f276d8493c3c97930e354b2595a44a21348b320d859fb4a2b9f66da9ed27ab",
                "sha256:ee4c11e460685c3e0c64a4c5de82ae143622410950d6be863303a1c4ba0e36d6",
                "sha256:f1235f5ea01b7db5468d53ece6aaddf1ad0b88d9e7462b86ef96fe04995d7247",
                "sha256:f7cee03c9a2e2ee26ec07479f38ea9c884e301d42c6d43a19d20fb014e3ba925",
                "sha256:f859fb09d9583a985be9a493d5cfc5515b56b08f7447759a0c5deaf68d80506e",
                "sha256:ffcebe56eb09ff0c0885e750036a095e23793ba6c2e894e7e63f6d89ad51f22e"
            ],
            "index": "pypi",
            "markers": "python_version >= '3.9'",
            "version": "==1.19.1"
        },
        "mypy-extensions": {
            "hashes": [
                "sha256:1be4cccdb0f2482337c4743e60421de3a356cd97508abadd57d47403e94f5505",
                "sha256:52e68efc3284861e772bbcd66823fde5ae21fd2fdb51c62a211403730b916558"
            ],
            "markers": "python_version >= '3.8'",
            "version": "==1.1.0"
        },
        "packaging": {
            "hashes": [
                "sha256:00243ae351a257117b6a241061796684b084ed1c516a08c48a3f7e147a9d80b4",
                "sha256:b36f1fef9334a5588b4166f8bcd26a14e521f2b55e6b9de3aaa80d3ff7a37529"
            ],
            "markers": "python_version >= '3.8'",
            "version": "==26.0"
        },
        "pathspec": {
            "hashes": [
                "sha256:0210e2ae8a21a9137c0d470578cb0e595af87edaa6ebf12ff176f14a02e0e645",
                "sha256:fb6ae2fd4e7c921a165808a552060e722767cfa526f99ca5156ed2ce45a5c723"
            ],
            "markers": "python_version >= '3.9'",
            "version": "==1.0.4"
        },
        "pip": {
            "hashes": [
                "sha256:8d0538dbbd7babbd207f261ed969c65de439f6bc9e5dbd3b3b9a77f25d95f343",
                "sha256:9655943313a94722b7774661c21049070f6bbb0a1516bf02f7c8d5d9201514cd"
            ],
            "markers": "python_version >= '3.9'",
            "version": "==25.3"
        },
        "pip-tools": {
            "hashes": [
                "sha256:2d64d72da6a044da1110257d333960563d7a4743637e8617dd2610ae7b82d60f",
                "sha256:2fe16db727bbe5bf28765aeb581e792e61be51fc275545ef6725374ad720a1ce"
            ],
            "index": "pypi",
            "markers": "python_version >= '3.8'",
            "version": "==7.5.2"
        },
        "platformdirs": {
            "hashes": [
                "sha256:61d5cdcc6065745cdd94f0f878977f8de9437be93de97c1c12f853c9c0cdcbda",
                "sha256:d03afa3963c806a9bed9d5125c8f4cb2fdaf74a55ab60e5d59b3fde758104d31"
            ],
            "markers": "python_version >= '3.10'",
            "version": "==4.5.1"
        },
        "pluggy": {
            "hashes": [
                "sha256:7dcc130b76258d33b90f61b658791dede3486c3e6bfb003ee5c9bfb396dd22f3",
                "sha256:e920276dd6813095e9377c0bc5566d94c932c33b27a3e3945d8389c374dd4746"
            ],
            "markers": "python_version >= '3.9'",
            "version": "==1.6.0"
        },
        "pycodestyle": {
            "hashes": [
                "sha256:c4b5b517d278089ff9d0abdec919cd97262a3367449ea1c8b49b91529167b783",
                "sha256:dd6bf7cb4ee77f8e016f9c8e74a35ddd9f67e1d5fd4184d86c3b98e07099f42d"
            ],
            "markers": "python_version >= '3.9'",
            "version": "==2.14.0"
        },
        "pyflakes": {
            "hashes": [
                "sha256:b24f96fafb7d2ab0ec5075b7350b3d2d2218eab42003821c06344973d3ea2f58",
                "sha256:f742a7dbd0d9cb9ea41e9a24a918996e8170c799fa528688d40dd582c8265f4f"
            ],
            "markers": "python_version >= '3.9'",
            "version": "==3.4.0"
        },
        "pygments": {
            "hashes": [
                "sha256:636cb2477cec7f8952536970bc533bc43743542f70392ae026374600add5b887",
                "sha256:86540386c03d588bb81d44bc3928634ff26449851e99741617ecb9037ee5ec0b"
            ],
            "markers": "python_version >= '3.8'",
            "version": "==2.19.2"
        },
        "pyproject-hooks": {
            "hashes": [
                "sha256:1e859bd5c40fae9448642dd871adf459e5e2084186e8d2c2a79a824c970da1f8",
                "sha256:9e5c6bfa8dcc30091c74b0cf803c81fdd29d94f01992a7707bc97babb1141913"
            ],
            "markers": "python_version >= '3.7'",
            "version": "==1.2.0"
        },
        "pytest": {
            "hashes": [
                "sha256:86c0d0b93306b961d58d62a4db4879f27fe25513d4b969df351abdddb3c30e01",
                "sha256:872f880de3fc3a5bdc88a11b39c9710c3497a547cfa9320bc3c5e62fbf272e79"
            ],
            "index": "pypi",
            "markers": "python_version >= '3.9'",
            "version": "==8.4.2"
        },
        "pytest-cov": {
            "hashes": [
                "sha256:4f0764a1219df53214206bf1feea4633c3b558a2925c8b59f144f682861ce652",
                "sha256:5837b58e9f6ebd335b0f8060eecce69b662415b16dc503883a02f45dfeb14857"
            ],
            "index": "pypi",
            "markers": "python_version >= '3.8'",
            "version": "==5.0.0"
        },
        "pytokens": {
            "hashes": [
                "sha256:01d1a61e36812e4e971cfe2c0e4c1f2d66d8311031dac8bf168af8a249fa04dd",
                "sha256:0508d11b4de157ee12063901603be87fb0253e8f4cb9305eb168b1202ab92068",
                "sha256:06ac081c1187389762b58823d90d6339e6880ce0df912f71fb9022d81d7fd429",
                "sha256:0cd3fa1caf9e47a72ee134a29ca6b5bea84712724bba165d6628baa190c6ea5b",
                "sha256:0cdca8159df407dbd669145af4171a0d967006e0be25f3b520896bc7068f02c4",
                "sha256:0d7374c917197106d3c4761374718bc55ea2e9ac0fb94171588ef5840ee1f016",
                "sha256:237ba7cfb677dbd3b01b09860810aceb448871150566b93cd24501d5734a04b1",
                "sha256:25cacc20c2ad90acb56f3739d87905473c54ca1fa5967ffcd675463fe965865e",
                "sha256:278129d54573efdc79e75c6082e73ebd19858e22a2e848359f93629323186ca6",
                "sha256:3d36954aba4557fd5a418a03cf595ecbb1cdcce119f91a49b19ef09d691a22ae",
                "sha256:4b5770abeb2a24347380a1164a558f0ebe06e98aedbd54c45f7929527a5fb26e",
                "sha256:4d0f568d7e82b7e96be56d03b5081de40e43c904eb6492bf09aaca47cd55f35b",
                "sha256:54691cf8f299e7efabcc25adb4ce715d3cef1491e1c930eaf555182f898ef66a",
                "sha256:55efcc36f9a2e0e930cfba0ce7f83445306b02f8326745585ed5551864eba73a",
                "sha256:5dbf56f3c748aed9310b310d5b8b14e2c96d3ad682ad5a943f381bdbbdddf753",
                "sha256:628fab535ebc9079e4db35cd63cb401901c7ce8720a9834f9ad44b9eb4e0f1d4",
                "sha256:658f870523ac1a5f4733d7db61ce9af61a0c23b2aeea3d03d1800c93f760e15f",
                "sha256:6b0b03e6ea7c9f9d47c5c61164b69ad30f4f0d70a5d9fe7eac4d19f24f77af2d",
                "sha256:73eff3bdd8ad08da679867992782568db0529b887bed4c85694f84cdf35eafc6",
                "sha256:74500d72c561dad14c037a9e86a657afd63e277dd5a3bb7570932ab7a3b12551",
                "sha256:865cc65c75c8f2e9e0d8330338f649b12bfd9442561900ebaf58c596a72107d2",
                "sha256:8cd795191c4127fcb3d7b76d84006a07748c390226f47657869235092eedbc05",
                "sha256:92eb3ef88f27c22dc9dbab966ace4d61f6826e02ba04dac8e2d65ea31df56c8e",
                "sha256:9380fb6d96fa5ab83ed606ebad27b6171930cc14a8a8d215f6adb187ba428690",
                "sha256:94ff5db97a0d3cd7248a5b07ba2167bd3edc1db92f76c6db00137bbaf068ddf8",
                "sha256:9940f7c2e2f54fb1cb5fe17d0803c54da7a2bf62222704eb4217433664a186a7",
                "sha256:9c6986576b7b07fe9791854caa5347923005a80b079d45b63b0be70d50cce5f1",
                "sha256:a2c8952c537cb73a1a74369501a83b7f9d208c3cf92c41dd88a17814e68d48ce",
                "sha256:af0c3166aea367a9e755a283171befb92dd3043858b94ae9b3b7efbe9def26a3",
                "sha256:cd8da894e5a29ba6b6da8be06a4f7589d7220c099b5e363cb0643234b9b38c2a",
                "sha256:d0dd6261cd9cc95fae1227b1b6ebee023a5fd4a4b6330b071c73a516f5f59b63",
                "sha256:d69a2491190a74e4b6f87f3b9dfce7a6873de3f3bf330d20083d374380becac0",
                "sha256:d97cc1f91b1a8e8ebccf31c367f28225699bea26592df27141deade771ed0afb",
                "sha256:daae524ed14ca459932cbf51d74325bea643701ba8a8b0cc2d10f7cd4b3e2b63",
                "sha256:dbb9338663b3538f31c4ca7afe4f38d9b9b3a16a8be18a273a5704a1bc7a2367",
                "sha256:df58d44630eaf25f587540e94bdf1fc50b4e6d5f212c786de0fb024bfcb8753a",
                "sha256:e131804513597f2dff2b18f9911d9b6276e21ef3699abeffc1c087c65a3d975e",
                "sha256:e368e0749e4e9d86a6e08763310dc92bc69ad73d9b6db5243b30174c71a8a534",
                "sha256:e47e2ef3ec6ee86909e520d79f965f9b23389fda47460303cf715d510a6fe544",
                "sha256:e95cb158c44d642ed62f555bf8136bbe780dbd64d2fb0b9169e11ffb944664c3",
                "sha256:ef2bcbddb73ac18599a86c8c549d5145130f2cd9d83dc2b5482fd8322b7806cd",
                "sha256:f4b77858a680635ee9904306f54b0ee4781effb89e211ba0a773d76539537165"
            ],
            "markers": "python_version >= '3.8'",
            "version": "==0.4.0"
        },
        "setuptools": {
            "hashes": [
                "sha256:8b0e9d10c784bf7d262c4e5ec5d4ec94127ce206e8738f29a437945fbc219b70",
                "sha256:95b30ddfb717250edb492926c92b5221f7ef3fbcc2b07579bcd4a27da21d0173"
            ],
            "markers": "python_version >= '3.9'",
            "version": "==80.10.2"
        },
        "typing-extensions": {
            "hashes": [
                "sha256:0cea48d173cc12fa28ecabc3b837ea3cf6f38c6d1136f85cbaaf598984861466",
                "sha256:f0fa19c6845758ab08074a0cfa8b7aecb71c999ca73d62883bc25cc018c4e548"
            ],
            "markers": "python_version >= '3.9'",
            "version": "==4.15.0"
        },
        "wheel": {
            "hashes": [
                "sha256:4b399d56c9d9338230118d705d9737a2a468ccca63d5e813e2a4fc7815d8bc4d",
                "sha256:e3e79874b07d776c40bd6033f8ddf76a7dad46a7b8aa1b2787a83083519a1803"
            ],
            "markers": "python_version >= '3.9'",
            "version": "==0.46.3"
        }
    }
}
